
Microsoft Visual Studio Solution File, Format Version 12.00
# Visual Studio 2013
VisualStudioVersion = 12.0.30501.0
MinimumVisualStudioVersion = 10.0.40219.1
Project("{FAE04EC0-301F-11D3-BF4B-00C04F79EFBC}") = "DeleteRER", "DeleteRER\DeleteRER.csproj", "{632571E4-E612-4641-BA35-A6EEF01AE34A}"
EndProject
Project("{FAE04EC0-301F-11D3-BF4B-00C04F79EFBC}") = "DeleteRERWeb", "DeleteRERWeb\DeleteRERWeb.csproj", "{20428CF3-38C4-4679-AEA3-4F398097FF9B}"
EndProject
Global
	GlobalSection(SolutionConfigurationPlatforms) = preSolution
		Debug|Any CPU = Debug|Any CPU
		Release|Any CPU = Release|Any CPU
	EndGlobalSection
	GlobalSection(ProjectConfigurationPlatforms) = postSolution
		{632571E4-E612-4641-BA35-A6EEF01AE34A}.Debug|Any CPU.ActiveCfg = Debug|Any CPU
		{632571E4-E612-4641-BA35-A6EEF01AE34A}.Debug|Any CPU.Build.0 = Debug|Any CPU
		{632571E4-E612-4641-BA35-A6EEF01AE34A}.Debug|Any CPU.Deploy.0 = Debug|Any CPU
		{632571E4-E612-4641-BA35-A6EEF01AE34A}.Release|Any CPU.ActiveCfg = Release|Any CPU
		{632571E4-E612-4641-BA35-A6EEF01AE34A}.Release|Any CPU.Build.0 = Release|Any CPU
		{632571E4-E612-4641-BA35-A6EEF01AE34A}.Release|Any CPU.Deploy.0 = Release|Any CPU
		{20428CF3-38C4-4679-AEA3-4F398097FF9B}.Debug|Any CPU.ActiveCfg = Debug|Any CPU
		{20428CF3-38C4-4679-AEA3-4F398097FF9B}.Debug|Any CPU.Build.0 = Debug|Any CPU
		{20428CF3-38C4-4679-AEA3-4F398097FF9B}.Release|Any CPU.ActiveCfg = Release|Any CPU
		{20428CF3-38C4-4679-AEA3-4F398097FF9B}.Release|Any CPU.Build.0 = Release|Any CPU
	EndGlobalSection
	GlobalSection(SolutionProperties) = preSolution
		HideSolutionNode = FALSE
	EndGlobalSection
EndGlobal
