
Microsoft Visual Studio Solution File, Format Version 12.00
# Visual Studio 2013
VisualStudioVersion = 12.0.30501.0
MinimumVisualStudioVersion = 10.0.40219.1
Project("{FAE04EC0-301F-11D3-BF4B-00C04F79EFBC}") = "SharePointApp1", "SharePointApp1\SharePointApp1.csproj", "{9E0E7BF5-9A85-4961-AC05-DB2EDE42E011}"
EndProject
Project("{FAE04EC0-301F-11D3-BF4B-00C04F79EFBC}") = "SharePointApp1Web", "SharePointApp1Web\SharePointApp1Web.csproj", "{F96C2B65-8E23-411B-B932-C6F4F822F0F3}"
EndProject
Global
	GlobalSection(SolutionConfigurationPlatforms) = preSolution
		Debug|Any CPU = Debug|Any CPU
		Release|Any CPU = Release|Any CPU
	EndGlobalSection
	GlobalSection(ProjectConfigurationPlatforms) = postSolution
		{9E0E7BF5-9A85-4961-AC05-DB2EDE42E011}.Debug|Any CPU.ActiveCfg = Debug|Any CPU
		{9E0E7BF5-9A85-4961-AC05-DB2EDE42E011}.Debug|Any CPU.Build.0 = Debug|Any CPU
		{9E0E7BF5-9A85-4961-AC05-DB2EDE42E011}.Debug|Any CPU.Deploy.0 = Debug|Any CPU
		{9E0E7BF5-9A85-4961-AC05-DB2EDE42E011}.Release|Any CPU.ActiveCfg = Release|Any CPU
		{9E0E7BF5-9A85-4961-AC05-DB2EDE42E011}.Release|Any CPU.Build.0 = Release|Any CPU
		{9E0E7BF5-9A85-4961-AC05-DB2EDE42E011}.Release|Any CPU.Deploy.0 = Release|Any CPU
		{F96C2B65-8E23-411B-B932-C6F4F822F0F3}.Debug|Any CPU.ActiveCfg = Debug|Any CPU
		{F96C2B65-8E23-411B-B932-C6F4F822F0F3}.Debug|Any CPU.Build.0 = Debug|Any CPU
		{F96C2B65-8E23-411B-B932-C6F4F822F0F3}.Release|Any CPU.ActiveCfg = Release|Any CPU
		{F96C2B65-8E23-411B-B932-C6F4F822F0F3}.Release|Any CPU.Build.0 = Release|Any CPU
	EndGlobalSection
	GlobalSection(SolutionProperties) = preSolution
		HideSolutionNode = FALSE
	EndGlobalSection
EndGlobal
