
Microsoft Visual Studio Solution File, Format Version 12.00
# Visual Studio 2013
VisualStudioVersion = 12.0.21005.1
MinimumVisualStudioVersion = 10.0.40219.1
Project("{FAE04EC0-301F-11D3-BF4B-00C04F79EFBC}") = "DbxlEventReceiver", "DbxlEventReceiver\DbxlEventReceiver.csproj", "{80647CC9-039B-426A-9611-09419992B49A}"
EndProject
Project("{FAE04EC0-301F-11D3-BF4B-00C04F79EFBC}") = "DbxlEventReceiverWeb", "DbxlEventReceiverWeb\DbxlEventReceiverWeb.csproj", "{6067ECAD-3605-45B3-A661-3752D2360AAF}"
EndProject
Global
	GlobalSection(SolutionConfigurationPlatforms) = preSolution
		Debug|Any CPU = Debug|Any CPU
		Release|Any CPU = Release|Any CPU
	EndGlobalSection
	GlobalSection(ProjectConfigurationPlatforms) = postSolution
		{80647CC9-039B-426A-9611-09419992B49A}.Debug|Any CPU.ActiveCfg = Debug|Any CPU
		{80647CC9-039B-426A-9611-09419992B49A}.Debug|Any CPU.Build.0 = Debug|Any CPU
		{80647CC9-039B-426A-9611-09419992B49A}.Debug|Any CPU.Deploy.0 = Debug|Any CPU
		{80647CC9-039B-426A-9611-09419992B49A}.Release|Any CPU.ActiveCfg = Release|Any CPU
		{80647CC9-039B-426A-9611-09419992B49A}.Release|Any CPU.Build.0 = Release|Any CPU
		{80647CC9-039B-426A-9611-09419992B49A}.Release|Any CPU.Deploy.0 = Release|Any CPU
		{6067ECAD-3605-45B3-A661-3752D2360AAF}.Debug|Any CPU.ActiveCfg = Debug|Any CPU
		{6067ECAD-3605-45B3-A661-3752D2360AAF}.Debug|Any CPU.Build.0 = Debug|Any CPU
		{6067ECAD-3605-45B3-A661-3752D2360AAF}.Release|Any CPU.ActiveCfg = Release|Any CPU
		{6067ECAD-3605-45B3-A661-3752D2360AAF}.Release|Any CPU.Build.0 = Release|Any CPU
	EndGlobalSection
	GlobalSection(SolutionProperties) = preSolution
		HideSolutionNode = FALSE
	EndGlobalSection
EndGlobal
