
Microsoft Visual Studio Solution File, Format Version 12.00
# Visual Studio 2013
VisualStudioVersion = 12.0.30501.0
MinimumVisualStudioVersion = 10.0.40219.1
Project("{FAE04EC0-301F-11D3-BF4B-00C04F79EFBC}") = "SharePointApp2", "SharePointApp2\SharePointApp2.csproj", "{BBD01063-362C-441C-A639-4C4E2D3B8D4D}"
EndProject
Project("{FAE04EC0-301F-11D3-BF4B-00C04F79EFBC}") = "SharePointApp2Web", "SharePointApp2Web\SharePointApp2Web.csproj", "{65AC1BC7-E093-460D-A6F4-C235CAE792E6}"
EndProject
Global
	GlobalSection(SolutionConfigurationPlatforms) = preSolution
		Debug|Any CPU = Debug|Any CPU
		Release|Any CPU = Release|Any CPU
	EndGlobalSection
	GlobalSection(ProjectConfigurationPlatforms) = postSolution
		{BBD01063-362C-441C-A639-4C4E2D3B8D4D}.Debug|Any CPU.ActiveCfg = Debug|Any CPU
		{BBD01063-362C-441C-A639-4C4E2D3B8D4D}.Debug|Any CPU.Build.0 = Debug|Any CPU
		{BBD01063-362C-441C-A639-4C4E2D3B8D4D}.Debug|Any CPU.Deploy.0 = Debug|Any CPU
		{BBD01063-362C-441C-A639-4C4E2D3B8D4D}.Release|Any CPU.ActiveCfg = Release|Any CPU
		{BBD01063-362C-441C-A639-4C4E2D3B8D4D}.Release|Any CPU.Build.0 = Release|Any CPU
		{BBD01063-362C-441C-A639-4C4E2D3B8D4D}.Release|Any CPU.Deploy.0 = Release|Any CPU
		{65AC1BC7-E093-460D-A6F4-C235CAE792E6}.Debug|Any CPU.ActiveCfg = Debug|Any CPU
		{65AC1BC7-E093-460D-A6F4-C235CAE792E6}.Debug|Any CPU.Build.0 = Debug|Any CPU
		{65AC1BC7-E093-460D-A6F4-C235CAE792E6}.Release|Any CPU.ActiveCfg = Release|Any CPU
		{65AC1BC7-E093-460D-A6F4-C235CAE792E6}.Release|Any CPU.Build.0 = Release|Any CPU
	EndGlobalSection
	GlobalSection(SolutionProperties) = preSolution
		HideSolutionNode = FALSE
	EndGlobalSection
EndGlobal
